
Microsoft Visual Studio Solution File, Format Version 12.00
# Visual Studio 15
VisualStudioVersion = 15.0.28010.2036
MinimumVisualStudioVersion = 10.0.40219.1
Project("{FAE04EC0-301F-11D3-BF4B-00C04F79EFBC}") = "Stretching", "stretching\Stretching.csproj", "{D45B4144-E1A6-408B-9A56-AF45721F8527}"
EndProject
Global
	GlobalSection(SolutionConfigurationPlatforms) = preSolution
		Debug|Any CPU = Debug|Any CPU
		Release|Any CPU = Release|Any CPU
	EndGlobalSection
	GlobalSection(ProjectConfigurationPlatforms) = postSolution
		{D45B4144-E1A6-408B-9A56-AF45721F8527}.Debug|Any CPU.ActiveCfg = Debug|Any CPU
		{D45B4144-E1A6-408B-9A56-AF45721F8527}.Debug|Any CPU.Build.0 = Debug|Any CPU
		{D45B4144-E1A6-408B-9A56-AF45721F8527}.Release|Any CPU.ActiveCfg = Release|Any CPU
		{D45B4144-E1A6-408B-9A56-AF45721F8527}.Release|Any CPU.Build.0 = Release|Any CPU
	EndGlobalSection
	GlobalSection(SolutionProperties) = preSolution
		HideSolutionNode = FALSE
	EndGlobalSection
	GlobalSection(ExtensibilityGlobals) = postSolution
		SolutionGuid = {B6DA9B7D-132F-4BCC-A2B2-EC27E371B7BA}
	EndGlobalSection
EndGlobal
